[root]
name = "over-here"
version = "0.1.0"
dependencies = [
 "nix 0.8.0 (registry+https://github.com/rust-lang/crates.io-index)",
 "notify-rust 3.2.1 (registry+https://github.com/rust-lang/crates.io-index)",
 "rust-ini 0.10.0 (registry+https://github.com/rust-lang/crates.io-index)",
]

[[package]]
name = "bitflags"
version = "0.7.0"
source = "registry+https://github.com/rust-lang/crates.io-index"

[[package]]
name = "cfg-if"
version = "0.1.0"
source = "registry+https://github.com/rust-lang/crates.io-index"

[[package]]
name = "dbus"
version = "0.4.1"
source = "registry+https://github.com/rust-lang/crates.io-index"
dependencies = [
 "libc 0.2.21 (registry+https://github.com/rust-lang/crates.io-index)",
 "pkg-config 0.3.9 (registry+https://github.com/rust-lang/crates.io-index)",
]

[[package]]
name = "libc"
version = "0.2.21"
source = "registry+https://github.com/rust-lang/crates.io-index"

[[package]]
name = "log"
version = "0.3.7"
source = "registry+https://github.com/rust-lang/crates.io-index"

[[package]]
name = "nix"
version = "0.8.0"
source = "registry+https://github.com/rust-lang/crates.io-index"
dependencies = [
 "bitflags 0.7.0 (registry+https://github.com/rust-lang/crates.io-index)",
 "cfg-if 0.1.0 (registry+https://github.com/rust-lang/crates.io-index)",
 "libc 0.2.21 (registry+https://github.com/rust-lang/crates.io-index)",
 "void 1.0.2 (registry+https://github.com/rust-lang/crates.io-index)",
]

[[package]]
name = "notify-rust"
version = "3.2.1"
source = "registry+https://github.com/rust-lang/crates.io-index"
dependencies = [
 "dbus 0.4.1 (registry+https://github.com/rust-lang/crates.io-index)",
]

[[package]]
name = "pkg-config"
version = "0.3.9"
source = "registry+https://github.com/rust-lang/crates.io-index"

[[package]]
name = "rust-ini"
version = "0.10.0"
source = "registry+https://github.com/rust-lang/crates.io-index"
dependencies = [
 "log 0.3.7 (registry+https://github.com/rust-lang/crates.io-index)",
]

[[package]]
name = "void"
version = "1.0.2"
source = "registry+https://github.com/rust-lang/crates.io-index"

[metadata]
"checksum bitflags 0.7.0 (registry+https://github.com/rust-lang/crates.io-index)" = "aad18937a628ec6abcd26d1489012cc0e18c21798210f491af69ded9b881106d"
"checksum cfg-if 0.1.0 (registry+https://github.com/rust-lang/crates.io-index)" = "de1e760d7b6535af4241fca8bd8adf68e2e7edacc6b29f5d399050c5e48cf88c"
"checksum dbus 0.4.1 (registry+https://github.com/rust-lang/crates.io-index)" = "58ec7b4cac6f79f36af1cd9cfdb9b935fc5a4e899f494ee03a3a6165f7d10b4b"
"checksum libc 0.2.21 (registry+https://github.com/rust-lang/crates.io-index)" = "88ee81885f9f04bff991e306fea7c1c60a5f0f9e409e99f6b40e3311a3363135"
"checksum log 0.3.7 (registry+https://github.com/rust-lang/crates.io-index)" = "5141eca02775a762cc6cd564d8d2c50f67c0ea3a372cbf1c51592b3e029e10ad"
"checksum nix 0.8.0 (registry+https://github.com/rust-lang/crates.io-index)" = "314a973a94409e39b78fa3a9cfb4ec4831791879079af087f64bf01394dc6c03"
"checksum notify-rust 3.2.1 (registry+https://github.com/rust-lang/crates.io-index)" = "26508471f9e6ee12ebe949ece86ff01153e5d9a9ca331e0a6e9661502fb4e9a9"
"checksum pkg-config 0.3.9 (registry+https://github.com/rust-lang/crates.io-index)" = "3a8b4c6b8165cd1a1cd4b9b120978131389f64bdaf456435caa41e630edba903"
"checksum rust-ini 0.10.0 (registry+https://github.com/rust-lang/crates.io-index)" = "06d4e8b0b50e7e7f827d609fa9746e1cf6371a1fa15404a1a0a86152a801079f"
"checksum void 1.0.2 (registry+https://github.com/rust-lang/crates.io-index)" = "6a02e4885ed3bc0f2de90ea6dd45ebcbb66dacffe03547fadbb0eeae2770887d"
